{
  "name": "basedb",
  "version": "1.0.0",
  "lockfileVersion": 1,
  "requires": true,
  "dependencies": {
    "@node-redis/client": {
      "version": "1.0.1",
      "resolved": "https://registry.npmmirror.com/@node-redis/client/download/@node-redis/client-1.0.1.tgz",
      "integrity": "sha512-o0I4LdzJXP6QYxRnBPrQ7cIG5tF3SNM/PBnjC3mV6QkzIiGRElzWqSr9a9JCJdcyB1SIA80bhgGhpdTpCQ1Sdw==",
      "requires": {
        "cluster-key-slot": "1.1.0",
        "generic-pool": "3.8.2",
        "redis-parser": "3.0.0",
        "yallist": "4.0.0"
      }
    },
    "@node-redis/json": {
      "version": "1.0.1",
      "resolved": "https://registry.npmmirror.com/@node-redis/json/download/@node-redis/json-1.0.1.tgz",
      "integrity": "sha512-2EB96ZN0yUr4mgA9Odme48jX8eF5Ji0jrsRn4rLfEhME7L3rHLdKeUfxJKxbPOxadP6k8+6ViElxPZrKuV2nvQ=="
    },
    "@node-redis/search": {
      "version": "1.0.1",
      "resolved": "https://registry.npmmirror.com/@node-redis/search/download/@node-redis/search-1.0.1.tgz",
      "integrity": "sha512-iA2Gw6gr0X6IfNSjTyme9W1tDlLkwQ1bPApo4s8aVwZ2Ju8Z4COVik0vT6BJPRin79f5xPZgnaec3DIoC2UpHA=="
    },
    "@node-redis/time-series": {
      "version": "1.0.0",
      "resolved": "https://registry.npmmirror.com/@node-redis/time-series/download/@node-redis/time-series-1.0.0.tgz",
      "integrity": "sha512-QcaCIL/DlYJXedSfmjF+IRxKJbBUXBrjA5Gv0IiPlXXFFOkRnbPGKq6hmwBAAWyk1U03wyBHDFKVS3/9GnZV8g=="
    },
    "cluster-key-slot": {
      "version": "1.1.0",
      "resolved": "https://registry.nlark.com/cluster-key-slot/download/cluster-key-slot-1.1.0.tgz",
      "integrity": "sha1-MEdLKpgfsSFyaVgzBSvA0BM20Q0="
    },
    "generic-pool": {
      "version": "3.8.2",
      "resolved": "https://registry.nlark.com/generic-pool/download/generic-pool-3.8.2.tgz",
      "integrity": "sha1-qrTygK21Iv373F5bZNcY02g/BOk="
    },
    "redis": {
      "version": "4.0.1",
      "resolved": "https://registry.npmmirror.com/redis/download/redis-4.0.1.tgz",
      "integrity": "sha512-qfcq1oz2ci7pNdCfTLLEuKhS8jZ17dFiT1exogOr+jd3EVP/h9qpy7K+VajB4BXA0k8q68KFqR6HrliKV6jt1Q==",
      "requires": {
        "@node-redis/client": "^1.0.1",
        "@node-redis/json": "^1.0.1",
        "@node-redis/search": "^1.0.1",
        "@node-redis/time-series": "^1.0.0"
      }
    },
    "redis-errors": {
      "version": "1.2.0",
      "resolved": "https://registry.nlark.com/redis-errors/download/redis-errors-1.2.0.tgz",
      "integrity": "sha1-62LSrbFeTq9GEMBK/hUpOEJQq60="
    },
    "redis-parser": {
      "version": "3.0.0",
      "resolved": "https://registry.nlark.com/redis-parser/download/redis-parser-3.0.0.tgz",
      "integrity": "sha1-tm2CjNyv5rS4pCin3vTGvKwxyLQ=",
      "requires": {
        "redis-errors": "^1.0.0"
      }
    },
    "yallist": {
      "version": "4.0.0",
      "resolved": "https://registry.npm.taobao.org/yallist/download/yallist-4.0.0.tgz",
      "integrity": "sha1-m7knkNnA7/7GO+c1GeEaNQGaOnI="
    }
  }
}
